
Microsoft Visual Studio Solution File, Format Version 12.00
# Visual Studio Version 17
VisualStudioVersion = 17.11.35312.102
MinimumVisualStudioVersion = 10.0.40219.1
Project("{FAE04EC0-301F-11D3-BF4B-00C04F79EFBC}") = "InsuranceManagement", "InsuranceManagement\InsuranceManagement.csproj", "{540E084E-DFBE-484A-84D0-984C72476A9A}"
EndProject
Global
	GlobalSection(SolutionConfigurationPlatforms) = preSolution
		Debug|Any CPU = Debug|Any CPU
		Release|Any CPU = Release|Any CPU
	EndGlobalSection
	GlobalSection(ProjectConfigurationPlatforms) = postSolution
		{540E084E-DFBE-484A-84D0-984C72476A9A}.Debug|Any CPU.ActiveCfg = Debug|Any CPU
		{540E084E-DFBE-484A-84D0-984C72476A9A}.Debug|Any CPU.Build.0 = Debug|Any CPU
		{540E084E-DFBE-484A-84D0-984C72476A9A}.Release|Any CPU.ActiveCfg = Release|Any CPU
		{540E084E-DFBE-484A-84D0-984C72476A9A}.Release|Any CPU.Build.0 = Release|Any CPU
	EndGlobalSection
	GlobalSection(SolutionProperties) = preSolution
		HideSolutionNode = FALSE
	EndGlobalSection
	GlobalSection(ExtensibilityGlobals) = postSolution
		SolutionGuid = {2B1F0A4A-3079-41C9-971A-A4BADC3A400A}
	EndGlobalSection
EndGlobal
